
Microsoft Visual Studio Solution File, Format Version 12.00
# Visual Studio Version 16
VisualStudioVersion = 16.0.31624.102
MinimumVisualStudioVersion = 10.0.40219.1
Project("{FAE04EC0-301F-11D3-BF4B-00C04F79EFBC}") = "Api_Projeto", "Api_Projeto\Api_Projeto.csproj", "{5BF8D003-DB2E-4A52-9E47-7A211DCF41FE}"
EndProject
Global
	GlobalSection(SolutionConfigurationPlatforms) = preSolution
		Debug|Any CPU = Debug|Any CPU
		Release|Any CPU = Release|Any CPU
	EndGlobalSection
	GlobalSection(ProjectConfigurationPlatforms) = postSolution
		{5BF8D003-DB2E-4A52-9E47-7A211DCF41FE}.Debug|Any CPU.ActiveCfg = Debug|Any CPU
		{5BF8D003-DB2E-4A52-9E47-7A211DCF41FE}.Debug|Any CPU.Build.0 = Debug|Any CPU
		{5BF8D003-DB2E-4A52-9E47-7A211DCF41FE}.Release|Any CPU.ActiveCfg = Release|Any CPU
		{5BF8D003-DB2E-4A52-9E47-7A211DCF41FE}.Release|Any CPU.Build.0 = Release|Any CPU
	EndGlobalSection
	GlobalSection(SolutionProperties) = preSolution
		HideSolutionNode = FALSE
	EndGlobalSection
	GlobalSection(ExtensibilityGlobals) = postSolution
		SolutionGuid = {B995C968-14C8-41A8-A02D-A37AC336BBA7}
	EndGlobalSection
EndGlobal
